// !$*UTF8*$!
{
	archiveVersion = 1;
	classes = {
	};
	objectVersion = 46;
	objects = {

/* Begin PBXBuildFile section */
		051E14671CF58FB8009C2EA3 /* main.m in Sources */ = {isa = PBXBuildFile; fileRef = 051E14661CF58FB8009C2EA3 /* main.m */; };
		051E146A1CF58FB8009C2EA3 /* AppDelegate.m in Sources */ = {isa = PBXBuildFile; fileRef = 051E14691CF58FB8009C2EA3 /* AppDelegate.m */; };
		051E146D1CF58FB8009C2EA3 /* ViewController.m in Sources */ = {isa = PBXBuildFile; fileRef = 051E146C1CF58FB8009C2EA3 /* ViewController.m */; };
		051E14701CF58FB9009C2EA3 /* Main.storyboard in Resources */ = {isa = PBXBuildFile; fileRef = 051E146E1CF58FB9009C2EA3 /* Main.storyboard */; };
		051E14731CF58FB9009C2EA3 /* UIJgithub.xcdatamodeld in Sources */ = {isa = PBXBuildFile; fileRef = 051E14711CF58FB9009C2EA3 /* UIJgithub.xcdatamodeld */; };
		051E14751CF58FB9009C2EA3 /* Assets.xcassets in Resources */ = {isa = PBXBuildFile; fileRef = 051E14741CF58FB9009C2EA3 /* Assets.xcassets */; };
		051E14781CF58FB9009C2EA3 /* LaunchScreen.storyboard in Resources */ = {isa = PBXBuildFile; fileRef = 051E14761CF58FB9009C2EA3 /* LaunchScreen.storyboard */; };
		051E14831CF58FB9009C2EA3 /* UIJgithubTests.m in Sources */ = {isa = PBXBuildFile; fileRef = 051E14821CF58FB9009C2EA3 /* UIJgithubTests.m */; };
		051E148E1CF58FB9009C2EA3 /* UIJgithubUITests.m in Sources */ = {isa = PBXBuildFile; fileRef = 051E148D1CF58FB9009C2EA3 /* UIJgithubUITests.m */; };
/* End PBXBuildFile section */

/* Begin PBXContainerItemProxy section */
		051E147F1CF58FB9009C2EA3 /* PBXContainerItemProxy */ = {
			isa = PBXContainerItemProxy;
			containerPortal = 051E145A1CF58FB8009C2EA3 /* Project object */;
			proxyType = 1;
			remoteGlobalIDString = 051E14611CF58FB8009C2EA3;
			remoteInfo = UIJgithub;
		};
		051E148A1CF58FB9009C2EA3 /* PBXContainerItemProxy */ = {
			isa = PBXContainerItemProxy;
			containerPortal = 051E145A1CF58FB8009C2EA3 /* Project object */;
			proxyType = 1;
			remoteGlobalIDString = 051E14611CF58FB8009C2EA3;
			remoteInfo = UIJgithub;
		};
/* End PBXContainerItemProxy section */

/* Begin PBXFileReference section */
		051E14621CF58FB8009C2EA3 /* UIJgithub.app */ = {isa = PBXFileReference; explicitFileType = wrapper.application; includeInIndex = 0; path = UIJgithub.app; sourceTree = BUILT_PRODUCTS_DIR; };
		051E14661CF58FB8009C2EA3 /* main.m */ = {isa = PBXFileReference; lastKnownFileType = sourcecode.c.objc; path = main.m; sourceTree = "<group>"; };
		051E14681CF58FB8009C2EA3 /* AppDelegate.h */ = {isa = PBXFileReference; lastKnownFileType = sourcecode.c.h; path = AppDelegate.h; sourceTree = "<group>"; };
		051E14691CF58FB8009C2EA3 /* AppDelegate.m */ = {isa = PBXFileReference; lastKnownFileType = sourcecode.c.objc; path = AppDelegate.m; sourceTree = "<group>"; };
		051E146B1CF58FB8009C2EA3 /* ViewController.h */ = {isa = PBXFileReference; lastKnownFileType = sourcecode.c.h; path = ViewController.h; sourceTree = "<group>"; };
		051E146C1CF58FB8009C2EA3 /* ViewController.m */ = {isa = PBXFileReference; lastKnownFileType = sourcecode.c.objc; path = ViewController.m; sourceTree = "<group>"; };
		051E146F1CF58FB9009C2EA3 /* Base */ = {isa = PBXFileReference; lastKnownFileType = file.storyboard; name = Base; path = Base.lproj/Main.storyboard; sourceTree = "<group>"; };
		051E14721CF58FB9009C2EA3 /* UIJgithub.xcdatamodel */ = {isa = PBXFileReference; lastKnownFileType = wrapper.xcdatamodel; path = UIJgithub.xcdatamodel; sourceTree = "<group>"; };
		051E14741CF58FB9009C2EA3 /* Assets.xcassets */ = {isa = PBXFileReference; lastKnownFileType = folder.assetcatalog; path = Assets.xcassets; sourceTree = "<group>"; };
		051E14771CF58FB9009C2EA3 /* Base */ = {isa = PBXFileReference; lastKnownFileType = file.storyboard; name = Base; path = Base.lproj/LaunchScreen.storyboard; sourceTree = "<group>"; };
		051E14791CF58FB9009C2EA3 /* Info.plist */ = {isa = PBXFileReference; lastKnownFileType = text.plist.xml; path = Info.plist; sourceTree = "<group>"; };
		051E147E1CF58FB9009C2EA3 /* UIJgithubTests.xctest */ = {isa = PBXFileReference; explicitFileType = wrapper.cfbundle; includeInIndex = 0; path = UIJgithubTests.xctest; sourceTree = BUILT_PRODUCTS_DIR; };
		051E14821CF58FB9009C2EA3 /* UIJgithubTests.m */ = {isa = PBXFileReference; lastKnownFileType = sourcecode.c.objc; path = UIJgithubTests.m; sourceTree = "<group>"; };
		051E14841CF58FB9009C2EA3 /* Info.plist */ = {isa = PBXFileReference; lastKnownFileType = text.plist.xml; path = Info.plist; sourceTree = "<group>"; };
		051E14891CF58FB9009C2EA3 /* UIJgithubUITests.xctest */ = {isa = PBXFileReference; explicitFileType = wrapper.cfbundle; includeInIndex = 0; path = UIJgithubUITests.xctest; sourceTree = BUILT_PRODUCTS_DIR; };
		051E148D1CF58FB9009C2EA3 /* UIJgithubUITests.m */ = {isa = PBXFileReference; lastKnownFileType = sourcecode.c.objc; path = UIJgithubUITests.m; sourceTree = "<group>"; };
		051E148F1CF58FB9009C2EA3 /* Info.plist */ = {isa = PBXFileReference; lastKnownFileType = text.plist.xml; path = Info.plist; sourceTree = "<group>"; };
/* End PBXFileReference section */

/* Begin PBXFrameworksBuildPhase section */
		051E145F1CF58FB8009C2EA3 /* Frameworks */ = {
			isa = PBXFrameworksBuildPhase;
			buildActionMask = 2147483647;
			files = (
			);
			runOnlyForDeploymentPostprocessing = 0;
		};
		051E147B1CF58FB9009C2EA3 /* Frameworks */ = {
			isa = PBXFrameworksBuildPhase;
			buildActionMask = 2147483647;
			files = (
			);
			runOnlyForDeploymentPostprocessing = 0;
		};
		051E14861CF58FB9009C2EA3 /* Frameworks */ = {
			isa = PBXFrameworksBuildPhase;
			buildActionMask = 2147483647;
			files = (
			);
			runOnlyForDeploymentPostprocessing = 0;
		};
/* End PBXFrameworksBuildPhase section */

/* Begin PBXGroup section */
		051E14591CF58FB8009C2EA3 = {
			isa = PBXGroup;
			children = (
				051E14641CF58FB8009C2EA3 /* UIJgithub */,
				051E14811CF58FB9009C2EA3 /* UIJgithubTests */,
				051E148C1CF58FB9009C2EA3 /* UIJgithubUITests */,
				051E14631CF58FB8009C2EA3 /* Products */,
			);
			sourceTree = "<group>";
		};
		051E14631CF58FB8009C2EA3 /* Products */ = {
			isa = PBXGroup;
			children = (
				051E14621CF58FB8009C2EA3 /* UIJgithub.app */,
				051E147E1CF58FB9009C2EA3 /* UIJgithubTests.xctest */,
				051E14891CF58FB9009C2EA3 /* UIJgithubUITests.xctest */,
			);
			name = Products;
			sourceTree = "<group>";
		};
		051E14641CF58FB8009C2EA3 /* UIJgithub */ = {
			isa = PBXGroup;
			children = (
				051E14681CF58FB8009C2EA3 /* AppDelegate.h */,
				051E14691CF58FB8009C2EA3 /* AppDelegate.m */,
				051E146B1CF58FB8009C2EA3 /* ViewController.h */,
				051E146C1CF58FB8009C2EA3 /* ViewController.m */,
				051E146E1CF58FB9009C2EA3 /* Main.storyboard */,
				051E14741CF58FB9009C2EA3 /* Assets.xcassets */,
				051E14761CF58FB9009C2EA3 /* LaunchScreen.storyboard */,
				051E14791CF58FB9009C2EA3 /* Info.plist */,
				051E14711CF58FB9009C2EA3 /* UIJgithub.xcdatamodeld */,
				051E14651CF58FB8009C2EA3 /* Supporting Files */,
			);
			path = UIJgithub;
			sourceTree = "<group>";
		};
		051E14651CF58FB8009C2EA3 /* Supporting Files */ = {
			isa = PBXGroup;
			children = (
				051E14661CF58FB8009C2EA3 /* main.m */,
			);
			name = "Supporting Files";
			sourceTree = "<group>";
		};
		051E14811CF58FB9009C2EA3 /* UIJgithubTests */ = {
			isa = PBXGroup;
			children = (
				051E14821CF58FB9009C2EA3 /* UIJgithubTests.m */,
				051E14841CF58FB9009C2EA3 /* Info.plist */,
			);
			path = UIJgithubTests;
			sourceTree = "<group>";
		};
		051E148C1CF58FB9009C2EA3 /* UIJgithubUITests */ = {
			isa = PBXGroup;
			children = (
				051E148D1CF58FB9009C2EA3 /* UIJgithubUITests.m */,
				051E148F1CF58FB9009C2EA3 /* Info.plist */,
			);
			path = UIJgithubUITests;
			sourceTree = "<group>";
		};
/* End PBXGroup section */

/* Begin PBXNativeTarget section */
		051E14611CF58FB8009C2EA3 /* UIJgithub */ = {
			isa = PBXNativeTarget;
			buildConfigurationList = 051E14921CF58FB9009C2EA3 /* Build configuration list for PBXNativeTarget "UIJgithub" */;
			buildPhases = (
				051E145E1CF58FB8009C2EA3 /* Sources */,
				051E145F1CF58FB8009C2EA3 /* Frameworks */,
				051E14601CF58FB8009C2EA3 /* Resources */,
			);
			buildRules = (
			);
			dependencies = (
			);
			name = UIJgithub;
			productName = UIJgithub;
			productReference = 051E14621CF58FB8009C2EA3 /* UIJgithub.app */;
			productType = "com.apple.product-type.application";
		};
		051E147D1CF58FB9009C2EA3 /* UIJgithubTests */ = {
			isa = PBXNativeTarget;
			buildConfigurationList = 051E14951CF58FB9009C2EA3 /* Build configuration list for PBXNativeTarget "UIJgithubTests" */;
			buildPhases = (
				051E147A1CF58FB9009C2EA3 /* Sources */,
				051E147B1CF58FB9009C2EA3 /* Frameworks */,
				051E147C1CF58FB9009C2EA3 /* Resources */,
			);
			buildRules = (
			);
			dependencies = (
				051E14801CF58FB9009C2EA3 /* PBXTargetDependency */,
			);
			name = UIJgithubTests;
			productName = UIJgithubTests;
			productReference = 051E147E1CF58FB9009C2EA3 /* UIJgithubTests.xctest */;
			productType = "com.apple.product-type.bundle.unit-test";
		};
		051E14881CF58FB9009C2EA3 /* UIJgithubUITests */ = {
			isa = PBXNativeTarget;
			buildConfigurationList = 051E14981CF58FB9009C2EA3 /* Build configuration list for PBXNativeTarget "UIJgithubUITests" */;
			buildPhases = (
				051E14851CF58FB9009C2EA3 /* Sources */,
				051E14861CF58FB9009C2EA3 /* Frameworks */,
				051E14871CF58FB9009C2EA3 /* Resources */,
			);
			buildRules = (
			);
			dependencies = (
				051E148B1CF58FB9009C2EA3 /* PBXTargetDependency */,
			);
			name = UIJgithubUITests;
			productName = UIJgithubUITests;
			productReference = 051E14891CF58FB9009C2EA3 /* UIJgithubUITests.xctest */;
			productType = "com.apple.product-type.bundle.ui-testing";
		};
/* End PBXNativeTarget section */

/* Begin PBXProject section */
		051E145A1CF58FB8009C2EA3 /* Project object */ = {
			isa = PBXProject;
			attributes = {
				LastUpgradeCheck = 0710;
				ORGANIZATIONNAME = "李志彬";
				TargetAttributes = {
					051E14611CF58FB8009C2EA3 = {
						CreatedOnToolsVersion = 7.1;
					};
					051E147D1CF58FB9009C2EA3 = {
						CreatedOnToolsVersion = 7.1;
						TestTargetID = 051E14611CF58FB8009C2EA3;
					};
					051E14881CF58FB9009C2EA3 = {
						CreatedOnToolsVersion = 7.1;
						TestTargetID = 051E14611CF58FB8009C2EA3;
					};
				};
			};
			buildConfigurationList = 051E145D1CF58FB8009C2EA3 /* Build configuration list for PBXProject "UIJgithub" */;
			compatibilityVersion = "Xcode 3.2";
			developmentRegion = English;
			hasScannedForEncodings = 0;
			knownRegions = (
				en,
				Base,
			);
			mainGroup = 051E14591CF58FB8009C2EA3;
			productRefGroup = 051E14631CF58FB8009C2EA3 /* Products */;
			projectDirPath = "";
			projectRoot = "";
			targets = (
				051E14611CF58FB8009C2EA3 /* UIJgithub */,
				051E147D1CF58FB9009C2EA3 /* UIJgithubTests */,
				051E14881CF58FB9009C2EA3 /* UIJgithubUITests */,
			);
		};
/* End PBXProject section */

/* Begin PBXResourcesBuildPhase section */
		051E14601CF58FB8009C2EA3 /* Resources */ = {
			isa = PBXResourcesBuildPhase;
			buildActionMask = 2147483647;
			files = (
				051E14781CF58FB9009C2EA3 /* LaunchScreen.storyboard in Resources */,
				051E14751CF58FB9009C2EA3 /* Assets.xcassets in Resources */,
				051E14701CF58FB9009C2EA3 /* Main.storyboard in Resources */,
			);
			runOnlyForDeploymentPostprocessing = 0;
		};
		051E147C1CF58FB9009C2EA3 /* Resources */ = {
			isa = PBXResourcesBuildPhase;
			buildActionMask = 2147483647;
			files = (
			);
			runOnlyForDeploymentPostprocessing = 0;
		};
		051E14871CF58FB9009C2EA3 /* Resources */ = {
			isa = PBXResourcesBuildPhase;
			buildActionMask = 2147483647;
			files = (
			);
			runOnlyForDeploymentPostprocessing = 0;
		};
/* End PBXResourcesBuildPhase section */

/* Begin PBXSourcesBuildPhase section */
		051E145E1CF58FB8009C2EA3 /* Sources */ = {
			isa = PBXSourcesBuildPhase;
			buildActionMask = 2147483647;
			files = (
				051E146D1CF58FB8009C2EA3 /* ViewController.m in Sources */,
				051E14731CF58FB9009C2EA3 /* UIJgithub.xcdatamodeld in Sources */,
				051E146A1CF58FB8009C2EA3 /* AppDelegate.m in Sources */,
				051E14671CF58FB8009C2EA3 /* main.m in Sources */,
			);
			runOnlyForDeploymentPostprocessing = 0;
		};
		051E147A1CF58FB9009C2EA3 /* Sources */ = {
			isa = PBXSourcesBuildPhase;
			buildActionMask = 2147483647;
			files = (
				051E14831CF58FB9009C2EA3 /* UIJgithubTests.m in Sources */,
			);
			runOnlyForDeploymentPostprocessing = 0;
		};
		051E14851CF58FB9009C2EA3 /* Sources */ = {
			isa = PBXSourcesBuildPhase;
			buildActionMask = 2147483647;
			files = (
				051E148E1CF58FB9009C2EA3 /* UIJgithubUITests.m in Sources */,
			);
			runOnlyForDeploymentPostprocessing = 0;
		};
/* End PBXSourcesBuildPhase section */

/* Begin PBXTargetDependency section */
		051E14801CF58FB9009C2EA3 /* PBXTargetDependency */ = {
			isa = PBXTargetDependency;
			target = 051E14611CF58FB8009C2EA3 /* UIJgithub */;
			targetProxy = 051E147F1CF58FB9009C2EA3 /* PBXContainerItemProxy */;
		};
		051E148B1CF58FB9009C2EA3 /* PBXTargetDependency */ = {
			isa = PBXTargetDependency;
			target = 051E14611CF58FB8009C2EA3 /* UIJgithub */;
			targetProxy = 051E148A1CF58FB9009C2EA3 /* PBXContainerItemProxy */;
		};
/* End PBXTargetDependency section */

/* Begin PBXVariantGroup section */
		051E146E1CF58FB9009C2EA3 /* Main.storyboard */ = {
			isa = PBXVariantGroup;
			children = (
				051E146F1CF58FB9009C2EA3 /* Base */,
			);
			name = Main.storyboard;
			sourceTree = "<group>";
		};
		051E14761CF58FB9009C2EA3 /* LaunchScreen.storyboard */ = {
			isa = PBXVariantGroup;
			children = (
				051E14771CF58FB9009C2EA3 /* Base */,
			);
			name = LaunchScreen.storyboard;
			sourceTree = "<group>";
		};
/* End PBXVariantGroup section */

/* Begin XCBuildConfiguration section */
		051E14901CF58FB9009C2EA3 /* Debug */ = {
			isa = XCBuildConfiguration;
			buildSettings = {
				ALWAYS_SEARCH_USER_PATHS = NO;
				CLANG_CXX_LANGUAGE_STANDARD = "gnu++0x";
				CLANG_CXX_LIBRARY = "libc++";
				CLANG_ENABLE_MODULES = YES;
				CLANG_ENABLE_OBJC_ARC = YES;
				CLANG_WARN_BOOL_CONVERSION = YES;
				CLANG_WARN_CONSTANT_CONVERSION = YES;
				CLANG_WARN_DIRECT_OBJC_ISA_USAGE = YES_ERROR;
				CLANG_WARN_EMPTY_BODY = YES;
				CLANG_WARN_ENUM_CONVERSION = YES;
				CLANG_WARN_INT_CONVERSION = YES;
				CLANG_WARN_OBJC_ROOT_CLASS = YES_ERROR;
				CLANG_WARN_UNREACHABLE_CODE = YES;
				CLANG_WARN__DUPLICATE_METHOD_MATCH = YES;
				"CODE_SIGN_IDENTITY[sdk=iphoneos*]" = "iPhone Developer";
				COPY_PHASE_STRIP = NO;
				DEBUG_INFORMATION_FORMAT = dwarf;
				ENABLE_STRICT_OBJC_MSGSEND = YES;
				ENABLE_TESTABILITY = YES;
				GCC_C_LANGUAGE_STANDARD = gnu99;
				GCC_DYNAMIC_NO_PIC = NO;
				GCC_NO_COMMON_BLOCKS = YES;
				GCC_OPTIMIZATION_LEVEL = 0;
				GCC_PREPROCESSOR_DEFINITIONS = (
					"DEBUG=1",
					"$(inherited)",
				);
				GCC_WARN_64_TO_32_BIT_CONVERSION = YES;
				GCC_WARN_ABOUT_RETURN_TYPE = YES_ERROR;
				GCC_WARN_UNDECLARED_SELECTOR = YES;
				GCC_WARN_UNINITIALIZED_AUTOS = YES_AGGRESSIVE;
				GCC_WARN_UNUSED_FUNCTION = YES;
				GCC_WARN_UNUSED_VARIABLE = YES;
				IPHONEOS_DEPLOYMENT_TARGET = 9.1;
				MTL_ENABLE_DEBUG_INFO = YES;
				ONLY_ACTIVE_ARCH = YES;
				SDKROOT = iphoneos;
				TARGETED_DEVICE_FAMILY = "1,2";
			};
			name = Debug;
		};
		051E14911CF58FB9009C2EA3 /* Release */ = {
			isa = XCBuildConfiguration;
			buildSettings = {
				ALWAYS_SEARCH_USER_PATHS = NO;
				CLANG_CXX_LANGUAGE_STANDARD = "gnu++0x";
				CLANG_CXX_LIBRARY = "libc++";
				CLANG_ENABLE_MODULES = YES;
				CLANG_ENABLE_OBJC_ARC = YES;
				CLANG_WARN_BOOL_CONVERSION = YES;
				CLANG_WARN_CONSTANT_CONVERSION = YES;
				CLANG_WARN_DIRECT_OBJC_ISA_USAGE = YES_ERROR;
				CLANG_WARN_EMPTY_BODY = YES;
				CLANG_WARN_ENUM_CONVERSION = YES;
				CLANG_WARN_INT_CONVERSION = YES;
				CLANG_WARN_OBJC_ROOT_CLASS = YES_ERROR;
				CLANG_WARN_UNREACHABLE_CODE = YES;
				CLANG_WARN__DUPLICATE_METHOD_MATCH = YES;
				"CODE_SIGN_IDENTITY[sdk=iphoneos*]" = "iPhone Developer";
				COPY_PHASE_STRIP = NO;
				DEBUG_INFORMATION_FORMAT = "dwarf-with-dsym";
				ENABLE_NS_ASSERTIONS = NO;
				ENABLE_STRICT_OBJC_MSGSEND = YES;
				GCC_C_LANGUAGE_STANDARD = gnu99;
				GCC_NO_COMMON_BLOCKS = YES;
				GCC_WARN_64_TO_32_BIT_CONVERSION = YES;
				GCC_WARN_ABOUT_RETURN_TYPE = YES_ERROR;
				GCC_WARN_UNDECLARED_SELECTOR = YES;
				GCC_WARN_UNINITIALIZED_AUTOS = YES_AGGRESSIVE;
				GCC_WARN_UNUSED_FUNCTION = YES;
				GCC_WARN_UNUSED_VARIABLE = YES;
				IPHONEOS_DEPLOYMENT_TARGET = 9.1;
				MTL_ENABLE_DEBUG_INFO = NO;
				SDKROOT = iphoneos;
				TARGETED_DEVICE_FAMILY = "1,2";
				VALIDATE_PRODUCT = YES;
			};
			name = Release;
		};
		051E14931CF58FB9009C2EA3 /* Debug */ = {
			isa = XCBuildConfiguration;
			buildSettings = {
				ASSETCATALOG_COMPILER_APPICON_NAME = AppIcon;
				INFOPLIST_FILE = UIJgithub/Info.plist;
				LD_RUNPATH_SEARCH_PATHS = "$(inherited) @executable_path/Frameworks";
				PRODUCT_BUNDLE_IDENTIFIER = lizhibin.UIJgithub;
				PRODUCT_NAME = "$(TARGET_NAME)";
			};
			name = Debug;
		};
		051E14941CF58FB9009C2EA3 /* Release */ = {
			isa = XCBuildConfiguration;
			buildSettings = {
				ASSETCATALOG_COMPILER_APPICON_NAME = AppIcon;
				INFOPLIST_FILE = UIJgithub/Info.plist;
				LD_RUNPATH_SEARCH_PATHS = "$(inherited) @executable_path/Frameworks";
				PRODUCT_BUNDLE_IDENTIFIER = lizhibin.UIJgithub;
				PRODUCT_NAME = "$(TARGET_NAME)";
			};
			name = Release;
		};
		051E14961CF58FB9009C2EA3 /* Debug */ = {
			isa = XCBuildConfiguration;
			buildSettings = {
				BUNDLE_LOADER = "$(TEST_HOST)";
				INFOPLIST_FILE = UIJgithubTests/Info.plist;
				LD_RUNPATH_SEARCH_PATHS = "$(inherited) @executable_path/Frameworks @loader_path/Frameworks";
				PRODUCT_BUNDLE_IDENTIFIER = lizhibin.UIJgithubTests;
				PRODUCT_NAME = "$(TARGET_NAME)";
				TEST_HOST = "$(BUILT_PRODUCTS_DIR)/UIJgithub.app/UIJgithub";
			};
			name = Debug;
		};
		051E14971CF58FB9009C2EA3 /* Release */ = {
			isa = XCBuildConfiguration;
			buildSettings = {
				BUNDLE_LOADER = "$(TEST_HOST)";
				INFOPLIST_FILE = UIJgithubTests/Info.plist;
				LD_RUNPATH_SEARCH_PATHS = "$(inherited) @executable_path/Frameworks @loader_path/Frameworks";
				PRODUCT_BUNDLE_IDENTIFIER = lizhibin.UIJgithubTests;
				PRODUCT_NAME = "$(TARGET_NAME)";
				TEST_HOST = "$(BUILT_PRODUCTS_DIR)/UIJgithub.app/UIJgithub";
			};
			name = Release;
		};
		051E14991CF58FB9009C2EA3 /* Debug */ = {
			isa = XCBuildConfiguration;
			buildSettings = {
				INFOPLIST_FILE = UIJgithubUITests/Info.plist;
				LD_RUNPATH_SEARCH_PATHS = "$(inherited) @executable_path/Frameworks @loader_path/Frameworks";
				PRODUCT_BUNDLE_IDENTIFIER = lizhibin.UIJgithubUITests;
				PRODUCT_NAME = "$(TARGET_NAME)";
				TEST_TARGET_NAME = UIJgithub;
				USES_XCTRUNNER = YES;
			};
			name = Debug;
		};
		051E149A1CF58FB9009C2EA3 /* Release */ = {
			isa = XCBuildConfiguration;
			buildSettings = {
				INFOPLIST_FILE = UIJgithubUITests/Info.plist;
				LD_RUNPATH_SEARCH_PATHS = "$(inherited) @executable_path/Frameworks @loader_path/Frameworks";
				PRODUCT_BUNDLE_IDENTIFIER = lizhibin.UIJgithubUITests;
				PRODUCT_NAME = "$(TARGET_NAME)";
				TEST_TARGET_NAME = UIJgithub;
				USES_XCTRUNNER = YES;
			};
			name = Release;
		};
/* End XCBuildConfiguration section */

/* Begin XCConfigurationList section */
		051E145D1CF58FB8009C2EA3 /* Build configuration list for PBXProject "UIJgithub" */ = {
			isa = XCConfigurationList;
			buildConfigurations = (
				051E14901CF58FB9009C2EA3 /* Debug */,
				051E14911CF58FB9009C2EA3 /* Release */,
			);
			defaultConfigurationIsVisible = 0;
			defaultConfigurationName = Release;
		};
		051E14921CF58FB9009C2EA3 /* Build configuration list for PBXNativeTarget "UIJgithub" */ = {
			isa = XCConfigurationList;
			buildConfigurations = (
				051E14931CF58FB9009C2EA3 /* Debug */,
				051E14941CF58FB9009C2EA3 /* Release */,
			);
			defaultConfigurationIsVisible = 0;
		};
		051E14951CF58FB9009C2EA3 /* Build configuration list for PBXNativeTarget "UIJgithubTests" */ = {
			isa = XCConfigurationList;
			buildConfigurations = (
				051E14961CF58FB9009C2EA3 /* Debug */,
				051E14971CF58FB9009C2EA3 /* Release */,
			);
			defaultConfigurationIsVisible = 0;
		};
		051E14981CF58FB9009C2EA3 /* Build configuration list for PBXNativeTarget "UIJgithubUITests" */ = {
			isa = XCConfigurationList;
			buildConfigurations = (
				051E14991CF58FB9009C2EA3 /* Debug */,
				051E149A1CF58FB9009C2EA3 /* Release */,
			);
			defaultConfigurationIsVisible = 0;
		};
/* End XCConfigurationList section */

/* Begin XCVersionGroup section */
		051E14711CF58FB9009C2EA3 /* UIJgithub.xcdatamodeld */ = {
			isa = XCVersionGroup;
			children = (
				051E14721CF58FB9009C2EA3 /* UIJgithub.xcdatamodel */,
			);
			currentVersion = 051E14721CF58FB9009C2EA3 /* UIJgithub.xcdatamodel */;
			path = UIJgithub.xcdatamodeld;
			sourceTree = "<group>";
			versionGroupType = wrapper.xcdatamodel;
		};
/* End XCVersionGroup section */
	};
	rootObject = 051E145A1CF58FB8009C2EA3 /* Project object */;
}
